
Microsoft Visual Studio Solution File, Format Version 12.00
# Visual Studio Version 17
VisualStudioVersion = 17.7.34018.315
MinimumVisualStudioVersion = 10.0.40219.1
Project("{FAE04EC0-301F-11D3-BF4B-00C04F79EFBC}") = "C# Simple Calculator", "C# Simple Calculator\C# Simple Calculator.csproj", "{74BD7839-FB21-4035-ACE6-094B559B6E8A}"
EndProject
Global
	GlobalSection(SolutionConfigurationPlatforms) = preSolution
		Debug|Any CPU = Debug|Any CPU
		Release|Any CPU = Release|Any CPU
	EndGlobalSection
	GlobalSection(ProjectConfigurationPlatforms) = postSolution
		{74BD7839-FB21-4035-ACE6-094B559B6E8A}.Debug|Any CPU.ActiveCfg = Debug|Any CPU
		{74BD7839-FB21-4035-ACE6-094B559B6E8A}.Debug|Any CPU.Build.0 = Debug|Any CPU
		{74BD7839-FB21-4035-ACE6-094B559B6E8A}.Release|Any CPU.ActiveCfg = Release|Any CPU
		{74BD7839-FB21-4035-ACE6-094B559B6E8A}.Release|Any CPU.Build.0 = Release|Any CPU
	EndGlobalSection
	GlobalSection(SolutionProperties) = preSolution
		HideSolutionNode = FALSE
	EndGlobalSection
	GlobalSection(ExtensibilityGlobals) = postSolution
		SolutionGuid = {053B3B39-2190-4CFB-9873-AF2E217CA20C}
	EndGlobalSection
EndGlobal
